// !$*UTF8*$!
{
	archiveVersion = 1;
	classes = {
	};
	objectVersion = 50;
	objects = {

/* Begin PBXBuildFile section */
		58B7545B23710DF1001CAFC3 /* AppDelegate.swift in Sources */ = {isa = PBXBuildFile; fileRef = 58B7545A23710DF1001CAFC3 /* AppDelegate.swift */; };
		58B7545D23710DF1001CAFC3 /* SceneDelegate.swift in Sources */ = {isa = PBXBuildFile; fileRef = 58B7545C23710DF1001CAFC3 /* SceneDelegate.swift */; };
		58B7545F23710DF1001CAFC3 /* ViewController.swift in Sources */ = {isa = PBXBuildFile; fileRef = 58B7545E23710DF1001CAFC3 /* ViewController.swift */; };
		58B7546223710DF1001CAFC3 /* Main.storyboard in Resources */ = {isa = PBXBuildFile; fileRef = 58B7546023710DF1001CAFC3 /* Main.storyboard */; };
		58B7546423710DF2001CAFC3 /* Assets.xcassets in Resources */ = {isa = PBXBuildFile; fileRef = 58B7546323710DF2001CAFC3 /* Assets.xcassets */; };
		58B7546723710DF2001CAFC3 /* LaunchScreen.storyboard in Resources */ = {isa = PBXBuildFile; fileRef = 58B7546523710DF2001CAFC3 /* LaunchScreen.storyboard */; };
		58B7547D23710E3B001CAFC3 /* Coordinator.swift in Sources */ = {isa = PBXBuildFile; fileRef = 58B7547C23710E3B001CAFC3 /* Coordinator.swift */; };
		58B7548023710E59001CAFC3 /* Storyboarded.swift in Sources */ = {isa = PBXBuildFile; fileRef = 58B7547F23710E59001CAFC3 /* Storyboarded.swift */; };
		58B75483237113DB001CAFC3 /* MainCoordinator.swift in Sources */ = {isa = PBXBuildFile; fileRef = 58B75482237113DB001CAFC3 /* MainCoordinator.swift */; };
		58B7548623712C9A001CAFC3 /* BuyViewController.swift in Sources */ = {isa = PBXBuildFile; fileRef = 58B7548523712C9A001CAFC3 /* BuyViewController.swift */; };
		58B7548923712CAB001CAFC3 /* CreateAccountViewController.swift in Sources */ = {isa = PBXBuildFile; fileRef = 58B7548823712CAB001CAFC3 /* CreateAccountViewController.swift */; };
		58B754C9237312B2001CAFC3 /* Localizable.strings in Resources */ = {isa = PBXBuildFile; fileRef = 58B754C8237312B2001CAFC3 /* Localizable.strings */; };
/* End PBXBuildFile section */

/* Begin PBXFileReference section */
		58B7545723710DF1001CAFC3 /* Coordinator Pattern.app */ = {isa = PBXFileReference; explicitFileType = wrapper.application; includeInIndex = 0; path = "Coordinator Pattern.app"; sourceTree = BUILT_PRODUCTS_DIR; };
		58B7545A23710DF1001CAFC3 /* AppDelegate.swift */ = {isa = PBXFileReference; lastKnownFileType = sourcecode.swift; path = AppDelegate.swift; sourceTree = "<group>"; };
		58B7545C23710DF1001CAFC3 /* SceneDelegate.swift */ = {isa = PBXFileReference; lastKnownFileType = sourcecode.swift; path = SceneDelegate.swift; sourceTree = "<group>"; };
		58B7545E23710DF1001CAFC3 /* ViewController.swift */ = {isa = PBXFileReference; lastKnownFileType = sourcecode.swift; path = ViewController.swift; sourceTree = "<group>"; };
		58B7546123710DF1001CAFC3 /* Base */ = {isa = PBXFileReference; lastKnownFileType = file.storyboard; name = Base; path = Base.lproj/Main.storyboard; sourceTree = "<group>"; };
		58B7546323710DF2001CAFC3 /* Assets.xcassets */ = {isa = PBXFileReference; lastKnownFileType = folder.assetcatalog; path = Assets.xcassets; sourceTree = "<group>"; };
		58B7546623710DF2001CAFC3 /* Base */ = {isa = PBXFileReference; lastKnownFileType = file.storyboard; name = Base; path = Base.lproj/LaunchScreen.storyboard; sourceTree = "<group>"; };
		58B7546823710DF2001CAFC3 /* Info.plist */ = {isa = PBXFileReference; lastKnownFileType = text.plist.xml; path = Info.plist; sourceTree = "<group>"; };
		58B7547C23710E3B001CAFC3 /* Coordinator.swift */ = {isa = PBXFileReference; lastKnownFileType = sourcecode.swift; path = Coordinator.swift; sourceTree = "<group>"; };
		58B7547F23710E59001CAFC3 /* Storyboarded.swift */ = {isa = PBXFileReference; lastKnownFileType = sourcecode.swift; path = Storyboarded.swift; sourceTree = "<group>"; };
		58B75482237113DB001CAFC3 /* MainCoordinator.swift */ = {isa = PBXFileReference; lastKnownFileType = sourcecode.swift; path = MainCoordinator.swift; sourceTree = "<group>"; };
		58B7548523712C9A001CAFC3 /* BuyViewController.swift */ = {isa = PBXFileReference; lastKnownFileType = sourcecode.swift; path = BuyViewController.swift; sourceTree = "<group>"; };
		58B7548823712CAB001CAFC3 /* CreateAccountViewController.swift */ = {isa = PBXFileReference; lastKnownFileType = sourcecode.swift; path = CreateAccountViewController.swift; sourceTree = "<group>"; };
		58B754C72373121A001CAFC3 /* pt-BR */ = {isa = PBXFileReference; lastKnownFileType = text.plist.strings; name = "pt-BR"; path = "pt-BR.lproj/Main.strings"; sourceTree = "<group>"; };
		58B754C8237312B2001CAFC3 /* Localizable.strings */ = {isa = PBXFileReference; lastKnownFileType = text.plist.strings; path = Localizable.strings; sourceTree = "<group>"; };
/* End PBXFileReference section */

/* Begin PBXFrameworksBuildPhase section */
		58B7545423710DF1001CAFC3 /* Frameworks */ = {
			isa = PBXFrameworksBuildPhase;
			buildActionMask = 2147483647;
			files = (
			);
			runOnlyForDeploymentPostprocessing = 0;
		};
/* End PBXFrameworksBuildPhase section */

/* Begin PBXGroup section */
		58B7544E23710DF1001CAFC3 = {
			isa = PBXGroup;
			children = (
				58B7545923710DF1001CAFC3 /* Coordinator Pattern */,
				58B7545823710DF1001CAFC3 /* Products */,
			);
			sourceTree = "<group>";
		};
		58B7545823710DF1001CAFC3 /* Products */ = {
			isa = PBXGroup;
			children = (
				58B7545723710DF1001CAFC3 /* Coordinator Pattern.app */,
			);
			name = Products;
			sourceTree = "<group>";
		};
		58B7545923710DF1001CAFC3 /* Coordinator Pattern */ = {
			isa = PBXGroup;
			children = (
				58B7545A23710DF1001CAFC3 /* AppDelegate.swift */,
				58B7545C23710DF1001CAFC3 /* SceneDelegate.swift */,
				58B7548C2371304D001CAFC3 /* Controller */,
				58B7548B23713038001CAFC3 /* View */,
				58B7548D23713061001CAFC3 /* Protocols */,
				58B7548E23713078001CAFC3 /* Coordinator */,
				58B7546323710DF2001CAFC3 /* Assets.xcassets */,
				58B7546823710DF2001CAFC3 /* Info.plist */,
				58B754C8237312B2001CAFC3 /* Localizable.strings */,
			);
			path = "Coordinator Pattern";
			sourceTree = "<group>";
		};
		58B7548B23713038001CAFC3 /* View */ = {
			isa = PBXGroup;
			children = (
				58B7546023710DF1001CAFC3 /* Main.storyboard */,
				58B7546523710DF2001CAFC3 /* LaunchScreen.storyboard */,
			);
			path = View;
			sourceTree = "<group>";
		};
		58B7548C2371304D001CAFC3 /* Controller */ = {
			isa = PBXGroup;
			children = (
				58B7545E23710DF1001CAFC3 /* ViewController.swift */,
				58B7548523712C9A001CAFC3 /* BuyViewController.swift */,
				58B7548823712CAB001CAFC3 /* CreateAccountViewController.swift */,
			);
			path = Controller;
			sourceTree = "<group>";
		};
		58B7548D23713061001CAFC3 /* Protocols */ = {
			isa = PBXGroup;
			children = (
				58B7547C23710E3B001CAFC3 /* Coordinator.swift */,
				58B7547F23710E59001CAFC3 /* Storyboarded.swift */,
			);
			path = Protocols;
			sourceTree = "<group>";
		};
		58B7548E23713078001CAFC3 /* Coordinator */ = {
			isa = PBXGroup;
			children = (
				58B75482237113DB001CAFC3 /* MainCoordinator.swift */,
			);
			path = Coordinator;
			sourceTree = "<group>";
		};
/* End PBXGroup section */

/* Begin PBXNativeTarget section */
		58B7545623710DF1001CAFC3 /* Coordinator Pattern */ = {
			isa = PBXNativeTarget;
			buildConfigurationList = 58B7547623710DF2001CAFC3 /* Build configuration list for PBXNativeTarget "Coordinator Pattern" */;
			buildPhases = (
				58B7545323710DF1001CAFC3 /* Sources */,
				58B7545423710DF1001CAFC3 /* Frameworks */,
				58B7545523710DF1001CAFC3 /* Resources */,
			);
			buildRules = (
			);
			dependencies = (
			);
			name = "Coordinator Pattern";
			productName = "Coordinator Pattern";
			productReference = 58B7545723710DF1001CAFC3 /* Coordinator Pattern.app */;
			productType = "com.apple.product-type.application";
		};
/* End PBXNativeTarget section */

/* Begin PBXProject section */
		58B7544F23710DF1001CAFC3 /* Project object */ = {
			isa = PBXProject;
			attributes = {
				LastSwiftUpdateCheck = 1110;
				LastUpgradeCheck = 1110;
				ORGANIZATIONNAME = israel3D;
				TargetAttributes = {
					58B7545623710DF1001CAFC3 = {
						CreatedOnToolsVersion = 11.1;
					};
				};
			};
			buildConfigurationList = 58B7545223710DF1001CAFC3 /* Build configuration list for PBXProject "Coordinator Pattern" */;
			compatibilityVersion = "Xcode 9.3";
			developmentRegion = en;
			hasScannedForEncodings = 0;
			knownRegions = (
				en,
				Base,
				"pt-BR",
			);
			mainGroup = 58B7544E23710DF1001CAFC3;
			productRefGroup = 58B7545823710DF1001CAFC3 /* Products */;
			projectDirPath = "";
			projectRoot = "";
			targets = (
				58B7545623710DF1001CAFC3 /* Coordinator Pattern */,
			);
		};
/* End PBXProject section */

/* Begin PBXResourcesBuildPhase section */
		58B7545523710DF1001CAFC3 /* Resources */ = {
			isa = PBXResourcesBuildPhase;
			buildActionMask = 2147483647;
			files = (
				58B7546723710DF2001CAFC3 /* LaunchScreen.storyboard in Resources */,
				58B754C9237312B2001CAFC3 /* Localizable.strings in Resources */,
				58B7546423710DF2001CAFC3 /* Assets.xcassets in Resources */,
				58B7546223710DF1001CAFC3 /* Main.storyboard in Resources */,
			);
			runOnlyForDeploymentPostprocessing = 0;
		};
/* End PBXResourcesBuildPhase section */

/* Begin PBXSourcesBuildPhase section */
		58B7545323710DF1001CAFC3 /* Sources */ = {
			isa = PBXSourcesBuildPhase;
			buildActionMask = 2147483647;
			files = (
				58B7547D23710E3B001CAFC3 /* Coordinator.swift in Sources */,
				58B75483237113DB001CAFC3 /* MainCoordinator.swift in Sources */,
				58B7545F23710DF1001CAFC3 /* ViewController.swift in Sources */,
				58B7548023710E59001CAFC3 /* Storyboarded.swift in Sources */,
				58B7548923712CAB001CAFC3 /* CreateAccountViewController.swift in Sources */,
				58B7545B23710DF1001CAFC3 /* AppDelegate.swift in Sources */,
				58B7548623712C9A001CAFC3 /* BuyViewController.swift in Sources */,
				58B7545D23710DF1001CAFC3 /* SceneDelegate.swift in Sources */,
			);
			runOnlyForDeploymentPostprocessing = 0;
		};
/* End PBXSourcesBuildPhase section */

/* Begin PBXVariantGroup section */
		58B7546023710DF1001CAFC3 /* Main.storyboard */ = {
			isa = PBXVariantGroup;
			children = (
				58B7546123710DF1001CAFC3 /* Base */,
				58B754C72373121A001CAFC3 /* pt-BR */,
			);
			name = Main.storyboard;
			sourceTree = "<group>";
		};
		58B7546523710DF2001CAFC3 /* LaunchScreen.storyboard */ = {
			isa = PBXVariantGroup;
			children = (
				58B7546623710DF2001CAFC3 /* Base */,
			);
			name = LaunchScreen.storyboard;
			sourceTree = "<group>";
		};
/* End PBXVariantGroup section */

/* Begin XCBuildConfiguration section */
		58B7547423710DF2001CAFC3 /* Debug */ = {
			isa = XCBuildConfiguration;
			buildSettings = {
				ALWAYS_SEARCH_USER_PATHS = NO;
				CLANG_ANALYZER_LOCALIZABILITY_NONLOCALIZED = YES;
				CLANG_ANALYZER_NONNULL = YES;
				CLANG_ANALYZER_NUMBER_OBJECT_CONVERSION = YES_AGGRESSIVE;
				CLANG_CXX_LANGUAGE_STANDARD = "gnu++14";
				CLANG_CXX_LIBRARY = "libc++";
				CLANG_ENABLE_MODULES = YES;
				CLANG_ENABLE_OBJC_ARC = YES;
				CLANG_ENABLE_OBJC_WEAK = YES;
				CLANG_WARN_BLOCK_CAPTURE_AUTORELEASING = YES;
				CLANG_WARN_BOOL_CONVERSION = YES;
				CLANG_WARN_COMMA = YES;
				CLANG_WARN_CONSTANT_CONVERSION = YES;
				CLANG_WARN_DEPRECATED_OBJC_IMPLEMENTATIONS = YES;
				CLANG_WARN_DIRECT_OBJC_ISA_USAGE = YES_ERROR;
				CLANG_WARN_DOCUMENTATION_COMMENTS = YES;
				CLANG_WARN_EMPTY_BODY = YES;
				CLANG_WARN_ENUM_CONVERSION = YES;
				CLANG_WARN_INFINITE_RECURSION = YES;
				CLANG_WARN_INT_CONVERSION = YES;
				CLANG_WARN_NON_LITERAL_NULL_CONVERSION = YES;
				CLANG_WARN_OBJC_IMPLICIT_RETAIN_SELF = YES;
				CLANG_WARN_OBJC_LITERAL_CONVERSION = YES;
				CLANG_WARN_OBJC_ROOT_CLASS = YES_ERROR;
				CLANG_WARN_RANGE_LOOP_ANALYSIS = YES;
				CLANG_WARN_STRICT_PROTOTYPES = YES;
				CLANG_WARN_SUSPICIOUS_MOVE = YES;
				CLANG_WARN_UNGUARDED_AVAILABILITY = YES_AGGRESSIVE;
				CLANG_WARN_UNREACHABLE_CODE = YES;
				CLANG_WARN__DUPLICATE_METHOD_MATCH = YES;
				COPY_PHASE_STRIP = NO;
				DEBUG_INFORMATION_FORMAT = dwarf;
				ENABLE_STRICT_OBJC_MSGSEND = YES;
				ENABLE_TESTABILITY = YES;
				GCC_C_LANGUAGE_STANDARD = gnu11;
				GCC_DYNAMIC_NO_PIC = NO;
				GCC_NO_COMMON_BLOCKS = YES;
				GCC_OPTIMIZATION_LEVEL = 0;
				GCC_PREPROCESSOR_DEFINITIONS = (
					"DEBUG=1",
					"$(inherited)",
				);
				GCC_WARN_64_TO_32_BIT_CONVERSION = YES;
				GCC_WARN_ABOUT_RETURN_TYPE = YES_ERROR;
				GCC_WARN_UNDECLARED_SELECTOR = YES;
				GCC_WARN_UNINITIALIZED_AUTOS = YES_AGGRESSIVE;
				GCC_WARN_UNUSED_FUNCTION = YES;
				GCC_WARN_UNUSED_VARIABLE = YES;
				IPHONEOS_DEPLOYMENT_TARGET = 13.1;
				MTL_ENABLE_DEBUG_INFO = INCLUDE_SOURCE;
				MTL_FAST_MATH = YES;
				ONLY_ACTIVE_ARCH = YES;
				SDKROOT = iphoneos;
				SWIFT_ACTIVE_COMPILATION_CONDITIONS = DEBUG;
				SWIFT_OPTIMIZATION_LEVEL = "-Onone";
			};
			name = Debug;
		};
		58B7547523710DF2001CAFC3 /* Release */ = {
			isa = XCBuildConfiguration;
			buildSettings = {
				ALWAYS_SEARCH_USER_PATHS = NO;
				CLANG_ANALYZER_LOCALIZABILITY_NONLOCALIZED = YES;
				CLANG_ANALYZER_NONNULL = YES;
				CLANG_ANALYZER_NUMBER_OBJECT_CONVERSION = YES_AGGRESSIVE;
				CLANG_CXX_LANGUAGE_STANDARD = "gnu++14";
				CLANG_CXX_LIBRARY = "libc++";
				CLANG_ENABLE_MODULES = YES;
				CLANG_ENABLE_OBJC_ARC = YES;
				CLANG_ENABLE_OBJC_WEAK = YES;
				CLANG_WARN_BLOCK_CAPTURE_AUTORELEASING = YES;
				CLANG_WARN_BOOL_CONVERSION = YES;
				CLANG_WARN_COMMA = YES;
				CLANG_WARN_CONSTANT_CONVERSION = YES;
				CLANG_WARN_DEPRECATED_OBJC_IMPLEMENTATIONS = YES;
				CLANG_WARN_DIRECT_OBJC_ISA_USAGE = YES_ERROR;
				CLANG_WARN_DOCUMENTATION_COMMENTS = YES;
				CLANG_WARN_EMPTY_BODY = YES;
				CLANG_WARN_ENUM_CONVERSION = YES;
				CLANG_WARN_INFINITE_RECURSION = YES;
				CLANG_WARN_INT_CONVERSION = YES;
				CLANG_WARN_NON_LITERAL_NULL_CONVERSION = YES;
				CLANG_WARN_OBJC_IMPLICIT_RETAIN_SELF = YES;
				CLANG_WARN_OBJC_LITERAL_CONVERSION = YES;
				CLANG_WARN_OBJC_ROOT_CLASS = YES_ERROR;
				CLANG_WARN_RANGE_LOOP_ANALYSIS = YES;
				CLANG_WARN_STRICT_PROTOTYPES = YES;
				CLANG_WARN_SUSPICIOUS_MOVE = YES;
				CLANG_WARN_UNGUARDED_AVAILABILITY = YES_AGGRESSIVE;
				CLANG_WARN_UNREACHABLE_CODE = YES;
				CLANG_WARN__DUPLICATE_METHOD_MATCH = YES;
				COPY_PHASE_STRIP = NO;
				DEBUG_INFORMATION_FORMAT = "dwarf-with-dsym";
				ENABLE_NS_ASSERTIONS = NO;
				ENABLE_STRICT_OBJC_MSGSEND = YES;
				GCC_C_LANGUAGE_STANDARD = gnu11;
				GCC_NO_COMMON_BLOCKS = YES;
				GCC_WARN_64_TO_32_BIT_CONVERSION = YES;
				GCC_WARN_ABOUT_RETURN_TYPE = YES_ERROR;
				GCC_WARN_UNDECLARED_SELECTOR = YES;
				GCC_WARN_UNINITIALIZED_AUTOS = YES_AGGRESSIVE;
				GCC_WARN_UNUSED_FUNCTION = YES;
				GCC_WARN_UNUSED_VARIABLE = YES;
				IPHONEOS_DEPLOYMENT_TARGET = 13.1;
				MTL_ENABLE_DEBUG_INFO = NO;
				MTL_FAST_MATH = YES;
				SDKROOT = iphoneos;
				SWIFT_COMPILATION_MODE = wholemodule;
				SWIFT_OPTIMIZATION_LEVEL = "-O";
				VALIDATE_PRODUCT = YES;
			};
			name = Release;
		};
		58B7547723710DF2001CAFC3 /* Debug */ = {
			isa = XCBuildConfiguration;
			buildSettings = {
				ASSETCATALOG_COMPILER_APPICON_NAME = AppIcon;
				CODE_SIGN_STYLE = Automatic;
				DEVELOPMENT_TEAM = FPH78JW9WA;
				INFOPLIST_FILE = "Coordinator Pattern/Info.plist";
				LD_RUNPATH_SEARCH_PATHS = (
					"$(inherited)",
					"@executable_path/Frameworks",
				);
				PRODUCT_BUNDLE_IDENTIFIER = "com.israel3D.Coordinator-Pattern";
				PRODUCT_NAME = "$(TARGET_NAME)";
				SWIFT_VERSION = 5.0;
				TARGETED_DEVICE_FAMILY = "1,2";
			};
			name = Debug;
		};
		58B7547823710DF2001CAFC3 /* Release */ = {
			isa = XCBuildConfiguration;
			buildSettings = {
				ASSETCATALOG_COMPILER_APPICON_NAME = AppIcon;
				CODE_SIGN_STYLE = Automatic;
				DEVELOPMENT_TEAM = FPH78JW9WA;
				INFOPLIST_FILE = "Coordinator Pattern/Info.plist";
				LD_RUNPATH_SEARCH_PATHS = (
					"$(inherited)",
					"@executable_path/Frameworks",
				);
				PRODUCT_BUNDLE_IDENTIFIER = "com.israel3D.Coordinator-Pattern";
				PRODUCT_NAME = "$(TARGET_NAME)";
				SWIFT_VERSION = 5.0;
				TARGETED_DEVICE_FAMILY = "1,2";
			};
			name = Release;
		};
/* End XCBuildConfiguration section */

/* Begin XCConfigurationList section */
		58B7545223710DF1001CAFC3 /* Build configuration list for PBXProject "Coordinator Pattern" */ = {
			isa = XCConfigurationList;
			buildConfigurations = (
				58B7547423710DF2001CAFC3 /* Debug */,
				58B7547523710DF2001CAFC3 /* Release */,
			);
			defaultConfigurationIsVisible = 0;
			defaultConfigurationName = Release;
		};
		58B7547623710DF2001CAFC3 /* Build configuration list for PBXNativeTarget "Coordinator Pattern" */ = {
			isa = XCConfigurationList;
			buildConfigurations = (
				58B7547723710DF2001CAFC3 /* Debug */,
				58B7547823710DF2001CAFC3 /* Release */,
			);
			defaultConfigurationIsVisible = 0;
			defaultConfigurationName = Release;
		};
/* End XCConfigurationList section */
	};
	rootObject = 58B7544F23710DF1001CAFC3 /* Project object */;
}
